
Microsoft Visual Studio Solution File, Format Version 12.00
# Visual Studio Version 16
VisualStudioVersion = 16.0.30804.86
MinimumVisualStudioVersion = 10.0.40219.1
Project("{9A19103F-16F7-4668-BE54-9A1E7A4F7556}") = "05.Task-Introduction", "01.Task-Introduction\05.Task-Introduction.csproj", "{54FBD1CB-6910-4E8D-9959-7D8E4D5A4620}"
EndProject
Project("{9A19103F-16F7-4668-BE54-9A1E7A4F7556}") = "03.Thread-Abort", "01.Threads-Abort\03.Thread-Abort.csproj", "{C3C3C87B-6F02-4C16-A851-3C572DF435DD}"
EndProject
Project("{9A19103F-16F7-4668-BE54-9A1E7A4F7556}") = "01.Thread-Introduction", "01.Threads-Introduction\01.Thread-Introduction.csproj", "{D1488B9F-335D-4DE9-B5DB-60D5BD6F0B3F}"
EndProject
Project("{9A19103F-16F7-4668-BE54-9A1E7A4F7556}") = "02.Thread-IsBackground", "01.Threads-IsBackground\02.Thread-IsBackground.csproj", "{D36F5C06-B265-47FA-8B3B-9C7BE8EAC2BC}"
EndProject
Project("{9A19103F-16F7-4668-BE54-9A1E7A4F7556}") = "04.Thread-Thread-pool", "04.Thread-Thread-pool\04.Thread-Thread-pool.csproj", "{CB453FE1-CFCC-4911-92D0-B69511B1F272}"
EndProject
Project("{9A19103F-16F7-4668-BE54-9A1E7A4F7556}") = "06.Task-return-value", "06.Task-return-value\06.Task-return-value.csproj", "{3CDDAD14-8769-4FBF-A2F9-15686CA7A0EA}"
EndProject
Project("{9A19103F-16F7-4668-BE54-9A1E7A4F7556}") = "07.Task-Parrent-Child", "07.Task-Task-factory\07.Task-Parrent-Child.csproj", "{A663BC1E-2E5F-475F-BDB0-E15F27EB4176}"
EndProject
Project("{9A19103F-16F7-4668-BE54-9A1E7A4F7556}") = "08.Task-Task-Factory", "08.Task-Task-Factory\08.Task-Task-Factory.csproj", "{0ED30009-D580-42CF-89BB-1B0EC8338D94}"
EndProject
Project("{9A19103F-16F7-4668-BE54-9A1E7A4F7556}") = "09.Task-Multiple", "09.Task-Multiple\09.Task-Multiple.csproj", "{05F6F9CB-1FEC-471D-BEBC-319C49CCD5F5}"
EndProject
Project("{9A19103F-16F7-4668-BE54-9A1E7A4F7556}") = "10.Task-Task-Run-Continue-With-Methods-Usage", "10.Task-Task-Run-Continue-With-Methods-Usage\10.Task-Task-Run-Continue-With-Methods-Usage.csproj", "{87C05FD1-2B43-44FE-80AF-24DC1AA988FB}"
EndProject
Project("{9A19103F-16F7-4668-BE54-9A1E7A4F7556}") = "11.Task-Cancellation-Token", "11.Task-Cancellation-Token\11.Task-Cancellation-Token.csproj", "{56251994-4952-41A4-9932-3E04EA1722DE}"
EndProject
Project("{9A19103F-16F7-4668-BE54-9A1E7A4F7556}") = "12.TaskParallelLibrary-Data Parallelism", "12.TaskParallelLibrary-Introduction\12.TaskParallelLibrary-Data Parallelism.csproj", "{0D8B466F-05E8-414A-AFB8-360DF00D3B65}"
EndProject
Project("{9A19103F-16F7-4668-BE54-9A1E7A4F7556}") = "13.TaskParallelLibrary-Parallel-For-Loop", "13.12.TaskParallelLibrary-Parallel-For-Loop\13.TaskParallelLibrary-Parallel-For-Loop.csproj", "{41D6BA45-3E25-4C26-911E-DCE62CA42DF8}"
EndProject
Project("{9A19103F-16F7-4668-BE54-9A1E7A4F7556}") = "14.TaskParallelLibrary-Parallel-For-Each-Loop", "14.TaskParallelLibrary-Parallel-For-Each-Loop\14.TaskParallelLibrary-Parallel-For-Each-Loop.csproj", "{17B2A729-CCAB-4B6B-8C59-766A2AFA56B7}"
EndProject
Project("{9A19103F-16F7-4668-BE54-9A1E7A4F7556}") = "15.TaskParallelLibrary-Cancel-Parallel-For", "15.TaskParallelLibrary-Cancel-Parallel-For-Parallel-For-Each\15.TaskParallelLibrary-Cancel-Parallel-For.csproj", "{C15725F2-961E-4EEB-9EE6-F1410839434E}"
EndProject
Project("{9A19103F-16F7-4668-BE54-9A1E7A4F7556}") = "16.TaskParallelLibrary-Cancel-Parallel-For-Each", "16.TaskParallelLibrary-Cancel-Parallel-For-Each\16.TaskParallelLibrary-Cancel-Parallel-For-Each.csproj", "{B80056CB-AFBC-4F29-9A43-F7DAA4FA6FED}"
EndProject
Project("{9A19103F-16F7-4668-BE54-9A1E7A4F7556}") = "17.TaskParallelLibrary-Handle-Exceptions", "17.TaskParallelLibrary-Handle-Exceptions\17.TaskParallelLibrary-Handle-Exceptions.csproj", "{09E33FB6-1F18-487A-B7C6-8AF8C7B1A27A}"
EndProject
Project("{9A19103F-16F7-4668-BE54-9A1E7A4F7556}") = "18.TaskParallelLibrary-Degree-of-Parallelism", "18.TaskParallelLibrary-Degree-of-Paralelism\18.TaskParallelLibrary-Degree-of-Parallelism.csproj", "{35B4FFD8-3A56-410B-A116-A2C551CD9A4B}"
EndProject
Project("{9A19103F-16F7-4668-BE54-9A1E7A4F7556}") = "19.PLINQ-Introduction", "19.PLINQ-Introduction\19.PLINQ-Introduction.csproj", "{186A5ACC-C9FC-4A4C-B60B-7F495D857AAB}"
EndProject
Project("{9A19103F-16F7-4668-BE54-9A1E7A4F7556}") = "20.PLINQ-Degree-of-Parallelism", "20.PLINQ-Degree-of-Parallelism\20.PLINQ-Degree-of-Parallelism.csproj", "{145B7615-4E2C-4481-A9BC-6201E2B272E3}"
EndProject
Project("{9A19103F-16F7-4668-BE54-9A1E7A4F7556}") = "21.PLINQ-Cancellation-token", "21.PLINQ-Cancellation-token\21.PLINQ-Cancellation-token.csproj", "{ABB4540C-2D0A-4AC1-B028-0859855BBF0B}"
EndProject
Project("{9A19103F-16F7-4668-BE54-9A1E7A4F7556}") = "22.PLINQ-Handling-exceptions", "22.PLINQ-Handling-exceptions\22.PLINQ-Handling-exceptions.csproj", "{93E4AF20-6ACF-4FFC-AF5E-5E6D0CFBD4CB}"
EndProject
Project("{FAE04EC0-301F-11D3-BF4B-00C04F79EFBC}") = "23.Asynchronous-development", "23.Asynchronous-development\23.Asynchronous-development.csproj", "{995D457B-B3EC-466C-AA73-FFF10F36195E}"
EndProject
Global
	GlobalSection(SolutionConfigurationPlatforms) = preSolution
		Debug|Any CPU = Debug|Any CPU
		Release|Any CPU = Release|Any CPU
	EndGlobalSection
	GlobalSection(ProjectConfigurationPlatforms) = postSolution
		{54FBD1CB-6910-4E8D-9959-7D8E4D5A4620}.Debug|Any CPU.ActiveCfg = Debug|Any CPU
		{54FBD1CB-6910-4E8D-9959-7D8E4D5A4620}.Debug|Any CPU.Build.0 = Debug|Any CPU
		{54FBD1CB-6910-4E8D-9959-7D8E4D5A4620}.Release|Any CPU.ActiveCfg = Release|Any CPU
		{54FBD1CB-6910-4E8D-9959-7D8E4D5A4620}.Release|Any CPU.Build.0 = Release|Any CPU
		{C3C3C87B-6F02-4C16-A851-3C572DF435DD}.Debug|Any CPU.ActiveCfg = Debug|Any CPU
		{C3C3C87B-6F02-4C16-A851-3C572DF435DD}.Debug|Any CPU.Build.0 = Debug|Any CPU
		{C3C3C87B-6F02-4C16-A851-3C572DF435DD}.Release|Any CPU.ActiveCfg = Release|Any CPU
		{C3C3C87B-6F02-4C16-A851-3C572DF435DD}.Release|Any CPU.Build.0 = Release|Any CPU
		{D1488B9F-335D-4DE9-B5DB-60D5BD6F0B3F}.Debug|Any CPU.ActiveCfg = Debug|Any CPU
		{D1488B9F-335D-4DE9-B5DB-60D5BD6F0B3F}.Debug|Any CPU.Build.0 = Debug|Any CPU
		{D1488B9F-335D-4DE9-B5DB-60D5BD6F0B3F}.Release|Any CPU.ActiveCfg = Release|Any CPU
		{D1488B9F-335D-4DE9-B5DB-60D5BD6F0B3F}.Release|Any CPU.Build.0 = Release|Any CPU
		{D36F5C06-B265-47FA-8B3B-9C7BE8EAC2BC}.Debug|Any CPU.ActiveCfg = Debug|Any CPU
		{D36F5C06-B265-47FA-8B3B-9C7BE8EAC2BC}.Debug|Any CPU.Build.0 = Debug|Any CPU
		{D36F5C06-B265-47FA-8B3B-9C7BE8EAC2BC}.Release|Any CPU.ActiveCfg = Release|Any CPU
		{D36F5C06-B265-47FA-8B3B-9C7BE8EAC2BC}.Release|Any CPU.Build.0 = Release|Any CPU
		{CB453FE1-CFCC-4911-92D0-B69511B1F272}.Debug|Any CPU.ActiveCfg = Debug|Any CPU
		{CB453FE1-CFCC-4911-92D0-B69511B1F272}.Debug|Any CPU.Build.0 = Debug|Any CPU
		{CB453FE1-CFCC-4911-92D0-B69511B1F272}.Release|Any CPU.ActiveCfg = Release|Any CPU
		{CB453FE1-CFCC-4911-92D0-B69511B1F272}.Release|Any CPU.Build.0 = Release|Any CPU
		{3CDDAD14-8769-4FBF-A2F9-15686CA7A0EA}.Debug|Any CPU.ActiveCfg = Debug|Any CPU
		{3CDDAD14-8769-4FBF-A2F9-15686CA7A0EA}.Debug|Any CPU.Build.0 = Debug|Any CPU
		{3CDDAD14-8769-4FBF-A2F9-15686CA7A0EA}.Release|Any CPU.ActiveCfg = Release|Any CPU
		{3CDDAD14-8769-4FBF-A2F9-15686CA7A0EA}.Release|Any CPU.Build.0 = Release|Any CPU
		{A663BC1E-2E5F-475F-BDB0-E15F27EB4176}.Debug|Any CPU.ActiveCfg = Debug|Any CPU
		{A663BC1E-2E5F-475F-BDB0-E15F27EB4176}.Debug|Any CPU.Build.0 = Debug|Any CPU
		{A663BC1E-2E5F-475F-BDB0-E15F27EB4176}.Release|Any CPU.ActiveCfg = Release|Any CPU
		{A663BC1E-2E5F-475F-BDB0-E15F27EB4176}.Release|Any CPU.Build.0 = Release|Any CPU
		{0ED30009-D580-42CF-89BB-1B0EC8338D94}.Debug|Any CPU.ActiveCfg = Debug|Any CPU
		{0ED30009-D580-42CF-89BB-1B0EC8338D94}.Debug|Any CPU.Build.0 = Debug|Any CPU
		{0ED30009-D580-42CF-89BB-1B0EC8338D94}.Release|Any CPU.ActiveCfg = Release|Any CPU
		{0ED30009-D580-42CF-89BB-1B0EC8338D94}.Release|Any CPU.Build.0 = Release|Any CPU
		{05F6F9CB-1FEC-471D-BEBC-319C49CCD5F5}.Debug|Any CPU.ActiveCfg = Debug|Any CPU
		{05F6F9CB-1FEC-471D-BEBC-319C49CCD5F5}.Debug|Any CPU.Build.0 = Debug|Any CPU
		{05F6F9CB-1FEC-471D-BEBC-319C49CCD5F5}.Release|Any CPU.ActiveCfg = Release|Any CPU
		{05F6F9CB-1FEC-471D-BEBC-319C49CCD5F5}.Release|Any CPU.Build.0 = Release|Any CPU
		{87C05FD1-2B43-44FE-80AF-24DC1AA988FB}.Debug|Any CPU.ActiveCfg = Debug|Any CPU
		{87C05FD1-2B43-44FE-80AF-24DC1AA988FB}.Debug|Any CPU.Build.0 = Debug|Any CPU
		{87C05FD1-2B43-44FE-80AF-24DC1AA988FB}.Release|Any CPU.ActiveCfg = Release|Any CPU
		{87C05FD1-2B43-44FE-80AF-24DC1AA988FB}.Release|Any CPU.Build.0 = Release|Any CPU
		{56251994-4952-41A4-9932-3E04EA1722DE}.Debug|Any CPU.ActiveCfg = Debug|Any CPU
		{56251994-4952-41A4-9932-3E04EA1722DE}.Debug|Any CPU.Build.0 = Debug|Any CPU
		{56251994-4952-41A4-9932-3E04EA1722DE}.Release|Any CPU.ActiveCfg = Release|Any CPU
		{56251994-4952-41A4-9932-3E04EA1722DE}.Release|Any CPU.Build.0 = Release|Any CPU
		{0D8B466F-05E8-414A-AFB8-360DF00D3B65}.Debug|Any CPU.ActiveCfg = Debug|Any CPU
		{0D8B466F-05E8-414A-AFB8-360DF00D3B65}.Debug|Any CPU.Build.0 = Debug|Any CPU
		{0D8B466F-05E8-414A-AFB8-360DF00D3B65}.Release|Any CPU.ActiveCfg = Release|Any CPU
		{0D8B466F-05E8-414A-AFB8-360DF00D3B65}.Release|Any CPU.Build.0 = Release|Any CPU
		{41D6BA45-3E25-4C26-911E-DCE62CA42DF8}.Debug|Any CPU.ActiveCfg = Debug|Any CPU
		{41D6BA45-3E25-4C26-911E-DCE62CA42DF8}.Debug|Any CPU.Build.0 = Debug|Any CPU
		{41D6BA45-3E25-4C26-911E-DCE62CA42DF8}.Release|Any CPU.ActiveCfg = Release|Any CPU
		{41D6BA45-3E25-4C26-911E-DCE62CA42DF8}.Release|Any CPU.Build.0 = Release|Any CPU
		{17B2A729-CCAB-4B6B-8C59-766A2AFA56B7}.Debug|Any CPU.ActiveCfg = Debug|Any CPU
		{17B2A729-CCAB-4B6B-8C59-766A2AFA56B7}.Debug|Any CPU.Build.0 = Debug|Any CPU
		{17B2A729-CCAB-4B6B-8C59-766A2AFA56B7}.Release|Any CPU.ActiveCfg = Release|Any CPU
		{17B2A729-CCAB-4B6B-8C59-766A2AFA56B7}.Release|Any CPU.Build.0 = Release|Any CPU
		{C15725F2-961E-4EEB-9EE6-F1410839434E}.Debug|Any CPU.ActiveCfg = Debug|Any CPU
		{C15725F2-961E-4EEB-9EE6-F1410839434E}.Debug|Any CPU.Build.0 = Debug|Any CPU
		{C15725F2-961E-4EEB-9EE6-F1410839434E}.Release|Any CPU.ActiveCfg = Release|Any CPU
		{C15725F2-961E-4EEB-9EE6-F1410839434E}.Release|Any CPU.Build.0 = Release|Any CPU
		{B80056CB-AFBC-4F29-9A43-F7DAA4FA6FED}.Debug|Any CPU.ActiveCfg = Debug|Any CPU
		{B80056CB-AFBC-4F29-9A43-F7DAA4FA6FED}.Debug|Any CPU.Build.0 = Debug|Any CPU
		{B80056CB-AFBC-4F29-9A43-F7DAA4FA6FED}.Release|Any CPU.ActiveCfg = Release|Any CPU
		{B80056CB-AFBC-4F29-9A43-F7DAA4FA6FED}.Release|Any CPU.Build.0 = Release|Any CPU
		{09E33FB6-1F18-487A-B7C6-8AF8C7B1A27A}.Debug|Any CPU.ActiveCfg = Debug|Any CPU
		{09E33FB6-1F18-487A-B7C6-8AF8C7B1A27A}.Debug|Any CPU.Build.0 = Debug|Any CPU
		{09E33FB6-1F18-487A-B7C6-8AF8C7B1A27A}.Release|Any CPU.ActiveCfg = Release|Any CPU
		{09E33FB6-1F18-487A-B7C6-8AF8C7B1A27A}.Release|Any CPU.Build.0 = Release|Any CPU
		{35B4FFD8-3A56-410B-A116-A2C551CD9A4B}.Debug|Any CPU.ActiveCfg = Debug|Any CPU
		{35B4FFD8-3A56-410B-A116-A2C551CD9A4B}.Debug|Any CPU.Build.0 = Debug|Any CPU
		{35B4FFD8-3A56-410B-A116-A2C551CD9A4B}.Release|Any CPU.ActiveCfg = Release|Any CPU
		{35B4FFD8-3A56-410B-A116-A2C551CD9A4B}.Release|Any CPU.Build.0 = Release|Any CPU
		{186A5ACC-C9FC-4A4C-B60B-7F495D857AAB}.Debug|Any CPU.ActiveCfg = Debug|Any CPU
		{186A5ACC-C9FC-4A4C-B60B-7F495D857AAB}.Debug|Any CPU.Build.0 = Debug|Any CPU
		{186A5ACC-C9FC-4A4C-B60B-7F495D857AAB}.Release|Any CPU.ActiveCfg = Release|Any CPU
		{186A5ACC-C9FC-4A4C-B60B-7F495D857AAB}.Release|Any CPU.Build.0 = Release|Any CPU
		{145B7615-4E2C-4481-A9BC-6201E2B272E3}.Debug|Any CPU.ActiveCfg = Debug|Any CPU
		{145B7615-4E2C-4481-A9BC-6201E2B272E3}.Debug|Any CPU.Build.0 = Debug|Any CPU
		{145B7615-4E2C-4481-A9BC-6201E2B272E3}.Release|Any CPU.ActiveCfg = Release|Any CPU
		{145B7615-4E2C-4481-A9BC-6201E2B272E3}.Release|Any CPU.Build.0 = Release|Any CPU
		{ABB4540C-2D0A-4AC1-B028-0859855BBF0B}.Debug|Any CPU.ActiveCfg = Debug|Any CPU
		{ABB4540C-2D0A-4AC1-B028-0859855BBF0B}.Debug|Any CPU.Build.0 = Debug|Any CPU
		{ABB4540C-2D0A-4AC1-B028-0859855BBF0B}.Release|Any CPU.ActiveCfg = Release|Any CPU
		{ABB4540C-2D0A-4AC1-B028-0859855BBF0B}.Release|Any CPU.Build.0 = Release|Any CPU
		{93E4AF20-6ACF-4FFC-AF5E-5E6D0CFBD4CB}.Debug|Any CPU.ActiveCfg = Debug|Any CPU
		{93E4AF20-6ACF-4FFC-AF5E-5E6D0CFBD4CB}.Debug|Any CPU.Build.0 = Debug|Any CPU
		{93E4AF20-6ACF-4FFC-AF5E-5E6D0CFBD4CB}.Release|Any CPU.ActiveCfg = Release|Any CPU
		{93E4AF20-6ACF-4FFC-AF5E-5E6D0CFBD4CB}.Release|Any CPU.Build.0 = Release|Any CPU
		{995D457B-B3EC-466C-AA73-FFF10F36195E}.Debug|Any CPU.ActiveCfg = Debug|Any CPU
		{995D457B-B3EC-466C-AA73-FFF10F36195E}.Debug|Any CPU.Build.0 = Debug|Any CPU
		{995D457B-B3EC-466C-AA73-FFF10F36195E}.Release|Any CPU.ActiveCfg = Release|Any CPU
		{995D457B-B3EC-466C-AA73-FFF10F36195E}.Release|Any CPU.Build.0 = Release|Any CPU
	EndGlobalSection
	GlobalSection(SolutionProperties) = preSolution
		HideSolutionNode = FALSE
	EndGlobalSection
	GlobalSection(ExtensibilityGlobals) = postSolution
		SolutionGuid = {CFE45000-BE5A-41DA-8FFA-C7700D0CFF83}
	EndGlobalSection
EndGlobal
